// !$*UTF8*$!
{
	archiveVersion = 1;
	classes = {
	};
	objectVersion = 50;
	objects = {

/* Begin PBXBuildFile section */
		2A3C509831404B69CB125AD9 /* Pods_wolaTests.framework in Frameworks */ = {isa = PBXBuildFile; fileRef = 352361F76A732D990B83DA92 /* Pods_wolaTests.framework */; };
		353A981E21CBA8C4004BB89F /* AppInteractor.swift in Sources */ = {isa = PBXBuildFile; fileRef = 353A981D21CBA8C4004BB89F /* AppInteractor.swift */; };
		353A982021CBA8E8004BB89F /* AppDataManager.swift in Sources */ = {isa = PBXBuildFile; fileRef = 353A981F21CBA8E8004BB89F /* AppDataManager.swift */; };
		353E3D5E21CAA308009EFCDE /* AppDelegate.swift in Sources */ = {isa = PBXBuildFile; fileRef = 353E3D5D21CAA308009EFCDE /* AppDelegate.swift */; };
		353E3D6021CAA308009EFCDE /* ViewController.swift in Sources */ = {isa = PBXBuildFile; fileRef = 353E3D5F21CAA308009EFCDE /* ViewController.swift */; };
		353E3D6321CAA308009EFCDE /* Main.storyboard in Resources */ = {isa = PBXBuildFile; fileRef = 353E3D6121CAA308009EFCDE /* Main.storyboard */; };
		353E3D6621CAA308009EFCDE /* wola.xcdatamodeld in Sources */ = {isa = PBXBuildFile; fileRef = 353E3D6421CAA308009EFCDE /* wola.xcdatamodeld */; };
		353E3D6821CAA30A009EFCDE /* Assets.xcassets in Resources */ = {isa = PBXBuildFile; fileRef = 353E3D6721CAA30A009EFCDE /* Assets.xcassets */; };
		353E3D6B21CAA30A009EFCDE /* LaunchScreen.storyboard in Resources */ = {isa = PBXBuildFile; fileRef = 353E3D6921CAA30A009EFCDE /* LaunchScreen.storyboard */; };
		353E3D7621CAA30A009EFCDE /* wolaTests.swift in Sources */ = {isa = PBXBuildFile; fileRef = 353E3D7521CAA30A009EFCDE /* wolaTests.swift */; };
		353E3D8121CAA30A009EFCDE /* wolaUITests.swift in Sources */ = {isa = PBXBuildFile; fileRef = 353E3D8021CAA30A009EFCDE /* wolaUITests.swift */; };
		353E3D9121CAB22C009EFCDE /* GoogleService-Info.plist in Resources */ = {isa = PBXBuildFile; fileRef = 353E3D9021CAB22C009EFCDE /* GoogleService-Info.plist */; };
		353E3D9321CAB37F009EFCDE /* LoginViewController.swift in Sources */ = {isa = PBXBuildFile; fileRef = 353E3D9221CAB37F009EFCDE /* LoginViewController.swift */; };
		353FDD2F2202FBDE00A1FC3A /* LoginService.swift in Sources */ = {isa = PBXBuildFile; fileRef = 353FDD2E2202FBDE00A1FC3A /* LoginService.swift */; };
		903C9812C8297C329D7A595C /* Pods_wola.framework in Frameworks */ = {isa = PBXBuildFile; fileRef = E691CB10E2395C39433C7762 /* Pods_wola.framework */; };
		EFB94B1A5E4120A30F1DE285 /* Pods_wolaUITests.framework in Frameworks */ = {isa = PBXBuildFile; fileRef = E49917D17678FE2BBEF7EE53 /* Pods_wolaUITests.framework */; };
/* End PBXBuildFile section */

/* Begin PBXContainerItemProxy section */
		353E3D7221CAA30A009EFCDE /* PBXContainerItemProxy */ = {
			isa = PBXContainerItemProxy;
			containerPortal = 353E3D5221CAA308009EFCDE /* Project object */;
			proxyType = 1;
			remoteGlobalIDString = 353E3D5921CAA308009EFCDE;
			remoteInfo = wola;
		};
		353E3D7D21CAA30A009EFCDE /* PBXContainerItemProxy */ = {
			isa = PBXContainerItemProxy;
			containerPortal = 353E3D5221CAA308009EFCDE /* Project object */;
			proxyType = 1;
			remoteGlobalIDString = 353E3D5921CAA308009EFCDE;
			remoteInfo = wola;
		};
/* End PBXContainerItemProxy section */

/* Begin PBXFileReference section */
		024547E0F18E810A627785D9 /* Pods-wolaUITests.debug.xcconfig */ = {isa = PBXFileReference; includeInIndex = 1; lastKnownFileType = text.xcconfig; name = "Pods-wolaUITests.debug.xcconfig"; path = "Target Support Files/Pods-wolaUITests/Pods-wolaUITests.debug.xcconfig"; sourceTree = "<group>"; };
		2B34EE0A741F61BAD953E8B0 /* Pods-wola.release.xcconfig */ = {isa = PBXFileReference; includeInIndex = 1; lastKnownFileType = text.xcconfig; name = "Pods-wola.release.xcconfig"; path = "Target Support Files/Pods-wola/Pods-wola.release.xcconfig"; sourceTree = "<group>"; };
		2C51C20BAC62B3A79234608F /* Pods-wolaTests.debug.xcconfig */ = {isa = PBXFileReference; includeInIndex = 1; lastKnownFileType = text.xcconfig; name = "Pods-wolaTests.debug.xcconfig"; path = "Target Support Files/Pods-wolaTests/Pods-wolaTests.debug.xcconfig"; sourceTree = "<group>"; };
		352361F76A732D990B83DA92 /* Pods_wolaTests.framework */ = {isa = PBXFileReference; explicitFileType = wrapper.framework; includeInIndex = 0; path = Pods_wolaTests.framework; sourceTree = BUILT_PRODUCTS_DIR; };
		353A981D21CBA8C4004BB89F /* AppInteractor.swift */ = {isa = PBXFileReference; lastKnownFileType = sourcecode.swift; name = AppInteractor.swift; path = ../../../Classes/App/Interactor/AppInteractor.swift; sourceTree = "<group>"; };
		353A981F21CBA8E8004BB89F /* AppDataManager.swift */ = {isa = PBXFileReference; lastKnownFileType = sourcecode.swift; name = AppDataManager.swift; path = ../../../Classes/App/DataManager/AppDataManager.swift; sourceTree = "<group>"; };
		353E3D5A21CAA308009EFCDE /* wola.app */ = {isa = PBXFileReference; explicitFileType = wrapper.application; includeInIndex = 0; path = wola.app; sourceTree = BUILT_PRODUCTS_DIR; };
		353E3D5D21CAA308009EFCDE /* AppDelegate.swift */ = {isa = PBXFileReference; lastKnownFileType = sourcecode.swift; name = AppDelegate.swift; path = ../../Classes/App/AppDelegate.swift; sourceTree = "<group>"; };
		353E3D5F21CAA308009EFCDE /* ViewController.swift */ = {isa = PBXFileReference; lastKnownFileType = sourcecode.swift; path = ViewController.swift; sourceTree = "<group>"; };
		353E3D6221CAA308009EFCDE /* Base */ = {isa = PBXFileReference; lastKnownFileType = file.storyboard; name = Base; path = Base.lproj/Main.storyboard; sourceTree = "<group>"; };
		353E3D6521CAA308009EFCDE /* wola.xcdatamodel */ = {isa = PBXFileReference; lastKnownFileType = wrapper.xcdatamodel; path = wola.xcdatamodel; sourceTree = "<group>"; };
		353E3D6721CAA30A009EFCDE /* Assets.xcassets */ = {isa = PBXFileReference; lastKnownFileType = folder.assetcatalog; path = Assets.xcassets; sourceTree = "<group>"; };
		353E3D6A21CAA30A009EFCDE /* Base */ = {isa = PBXFileReference; lastKnownFileType = file.storyboard; name = Base; path = Base.lproj/LaunchScreen.storyboard; sourceTree = "<group>"; };
		353E3D6C21CAA30A009EFCDE /* Info.plist */ = {isa = PBXFileReference; lastKnownFileType = text.plist.xml; path = Info.plist; sourceTree = "<group>"; };
		353E3D7121CAA30A009EFCDE /* wolaTests.xctest */ = {isa = PBXFileReference; explicitFileType = wrapper.cfbundle; includeInIndex = 0; path = wolaTests.xctest; sourceTree = BUILT_PRODUCTS_DIR; };
		353E3D7521CAA30A009EFCDE /* wolaTests.swift */ = {isa = PBXFileReference; lastKnownFileType = sourcecode.swift; path = wolaTests.swift; sourceTree = "<group>"; };
		353E3D7721CAA30A009EFCDE /* Info.plist */ = {isa = PBXFileReference; lastKnownFileType = text.plist.xml; path = Info.plist; sourceTree = "<group>"; };
		353E3D7C21CAA30A009EFCDE /* wolaUITests.xctest */ = {isa = PBXFileReference; explicitFileType = wrapper.cfbundle; includeInIndex = 0; path = wolaUITests.xctest; sourceTree = BUILT_PRODUCTS_DIR; };
		353E3D8021CAA30A009EFCDE /* wolaUITests.swift */ = {isa = PBXFileReference; lastKnownFileType = sourcecode.swift; path = wolaUITests.swift; sourceTree = "<group>"; };
		353E3D8221CAA30A009EFCDE /* Info.plist */ = {isa = PBXFileReference; lastKnownFileType = text.plist.xml; path = Info.plist; sourceTree = "<group>"; };
		353E3D9021CAB22C009EFCDE /* GoogleService-Info.plist */ = {isa = PBXFileReference; fileEncoding = 4; lastKnownFileType = text.plist.xml; path = "GoogleService-Info.plist"; sourceTree = "<group>"; };
		353E3D9221CAB37F009EFCDE /* LoginViewController.swift */ = {isa = PBXFileReference; lastKnownFileType = sourcecode.swift; name = LoginViewController.swift; path = ../../../../Classes/Modules/Login/ViewController/LoginViewController.swift; sourceTree = "<group>"; };
		353FDD2E2202FBDE00A1FC3A /* LoginService.swift */ = {isa = PBXFileReference; lastKnownFileType = sourcecode.swift; path = LoginService.swift; sourceTree = "<group>"; };
		357947607B44584C124E0CC9 /* Pods-wola.debug.xcconfig */ = {isa = PBXFileReference; includeInIndex = 1; lastKnownFileType = text.xcconfig; name = "Pods-wola.debug.xcconfig"; path = "Target Support Files/Pods-wola/Pods-wola.debug.xcconfig"; sourceTree = "<group>"; };
		6D2C4E2434153DD4658E9747 /* Pods-wolaUITests.release.xcconfig */ = {isa = PBXFileReference; includeInIndex = 1; lastKnownFileType = text.xcconfig; name = "Pods-wolaUITests.release.xcconfig"; path = "Target Support Files/Pods-wolaUITests/Pods-wolaUITests.release.xcconfig"; sourceTree = "<group>"; };
		C7AF459017535AF038FEC1EC /* Pods-wolaTests.release.xcconfig */ = {isa = PBXFileReference; includeInIndex = 1; lastKnownFileType = text.xcconfig; name = "Pods-wolaTests.release.xcconfig"; path = "Target Support Files/Pods-wolaTests/Pods-wolaTests.release.xcconfig"; sourceTree = "<group>"; };
		E49917D17678FE2BBEF7EE53 /* Pods_wolaUITests.framework */ = {isa = PBXFileReference; explicitFileType = wrapper.framework; includeInIndex = 0; path = Pods_wolaUITests.framework; sourceTree = BUILT_PRODUCTS_DIR; };
		E691CB10E2395C39433C7762 /* Pods_wola.framework */ = {isa = PBXFileReference; explicitFileType = wrapper.framework; includeInIndex = 0; path = Pods_wola.framework; sourceTree = BUILT_PRODUCTS_DIR; };
/* End PBXFileReference section */

/* Begin PBXFrameworksBuildPhase section */
		353E3D5721CAA308009EFCDE /* Frameworks */ = {
			isa = PBXFrameworksBuildPhase;
			buildActionMask = 2147483647;
			files = (
				903C9812C8297C329D7A595C /* Pods_wola.framework in Frameworks */,
			);
			runOnlyForDeploymentPostprocessing = 0;
		};
		353E3D6E21CAA30A009EFCDE /* Frameworks */ = {
			isa = PBXFrameworksBuildPhase;
			buildActionMask = 2147483647;
			files = (
				2A3C509831404B69CB125AD9 /* Pods_wolaTests.framework in Frameworks */,
			);
			runOnlyForDeploymentPostprocessing = 0;
		};
		353E3D7921CAA30A009EFCDE /* Frameworks */ = {
			isa = PBXFrameworksBuildPhase;
			buildActionMask = 2147483647;
			files = (
				EFB94B1A5E4120A30F1DE285 /* Pods_wolaUITests.framework in Frameworks */,
			);
			runOnlyForDeploymentPostprocessing = 0;
		};
/* End PBXFrameworksBuildPhase section */

/* Begin PBXGroup section */
		1C160367C628CEA14B79E873 /* Pods */ = {
			isa = PBXGroup;
			children = (
				357947607B44584C124E0CC9 /* Pods-wola.debug.xcconfig */,
				2B34EE0A741F61BAD953E8B0 /* Pods-wola.release.xcconfig */,
				2C51C20BAC62B3A79234608F /* Pods-wolaTests.debug.xcconfig */,
				C7AF459017535AF038FEC1EC /* Pods-wolaTests.release.xcconfig */,
				024547E0F18E810A627785D9 /* Pods-wolaUITests.debug.xcconfig */,
				6D2C4E2434153DD4658E9747 /* Pods-wolaUITests.release.xcconfig */,
			);
			path = Pods;
			sourceTree = "<group>";
		};
		353A981A21CBA7E9004BB89F /* App */ = {
			isa = PBXGroup;
			children = (
				353E3D5D21CAA308009EFCDE /* AppDelegate.swift */,
				353A981C21CBA821004BB89F /* DataManager */,
				353A981B21CBA7EF004BB89F /* Interactor */,
			);
			path = App;
			sourceTree = "<group>";
		};
		353A981B21CBA7EF004BB89F /* Interactor */ = {
			isa = PBXGroup;
			children = (
				353A981D21CBA8C4004BB89F /* AppInteractor.swift */,
			);
			path = Interactor;
			sourceTree = "<group>";
		};
		353A981C21CBA821004BB89F /* DataManager */ = {
			isa = PBXGroup;
			children = (
				353A981F21CBA8E8004BB89F /* AppDataManager.swift */,
			);
			path = DataManager;
			sourceTree = "<group>";
		};
		353A982321CBFA33004BB89F /* Stores */ = {
			isa = PBXGroup;
			children = (
			);
			path = Stores;
			sourceTree = "<group>";
		};
		353A982421CBFA42004BB89F /* Services */ = {
			isa = PBXGroup;
			children = (
				353FDD2E2202FBDE00A1FC3A /* LoginService.swift */,
			);
			path = Services;
			sourceTree = "<group>";
		};
		353E3D5121CAA308009EFCDE = {
			isa = PBXGroup;
			children = (
				353E3D5C21CAA308009EFCDE /* wola */,
				353E3D7421CAA30A009EFCDE /* wolaTests */,
				353E3D7F21CAA30A009EFCDE /* wolaUITests */,
				353E3D5B21CAA308009EFCDE /* Products */,
				1C160367C628CEA14B79E873 /* Pods */,
				7DA228E50ED082313DFCD390 /* Frameworks */,
			);
			sourceTree = "<group>";
		};
		353E3D5B21CAA308009EFCDE /* Products */ = {
			isa = PBXGroup;
			children = (
				353E3D5A21CAA308009EFCDE /* wola.app */,
				353E3D7121CAA30A009EFCDE /* wolaTests.xctest */,
				353E3D7C21CAA30A009EFCDE /* wolaUITests.xctest */,
			);
			name = Products;
			sourceTree = "<group>";
		};
		353E3D5C21CAA308009EFCDE /* wola */ = {
			isa = PBXGroup;
			children = (
				353E3D9421CAB38A009EFCDE /* Classes */,
				353E3D8F21CAB206009EFCDE /* Resources */,
				353E3D8E21CAA4F0009EFCDE /* Storyboards */,
				353E3D5F21CAA308009EFCDE /* ViewController.swift */,
				353E3D6721CAA30A009EFCDE /* Assets.xcassets */,
				353E3D6921CAA30A009EFCDE /* LaunchScreen.storyboard */,
				353E3D6C21CAA30A009EFCDE /* Info.plist */,
				353E3D6421CAA308009EFCDE /* wola.xcdatamodeld */,
			);
			path = wola;
			sourceTree = "<group>";
		};
		353E3D7421CAA30A009EFCDE /* wolaTests */ = {
			isa = PBXGroup;
			children = (
				353E3D7521CAA30A009EFCDE /* wolaTests.swift */,
				353E3D7721CAA30A009EFCDE /* Info.plist */,
			);
			path = wolaTests;
			sourceTree = "<group>";
		};
		353E3D7F21CAA30A009EFCDE /* wolaUITests */ = {
			isa = PBXGroup;
			children = (
				353E3D8021CAA30A009EFCDE /* wolaUITests.swift */,
				353E3D8221CAA30A009EFCDE /* Info.plist */,
			);
			path = wolaUITests;
			sourceTree = "<group>";
		};
		353E3D8E21CAA4F0009EFCDE /* Storyboards */ = {
			isa = PBXGroup;
			children = (
				353E3D6121CAA308009EFCDE /* Main.storyboard */,
			);
			path = Storyboards;
			sourceTree = "<group>";
		};
		353E3D8F21CAB206009EFCDE /* Resources */ = {
			isa = PBXGroup;
			children = (
				353E3D9021CAB22C009EFCDE /* GoogleService-Info.plist */,
			);
			path = Resources;
			sourceTree = "<group>";
		};
		353E3D9421CAB38A009EFCDE /* Classes */ = {
			isa = PBXGroup;
			children = (
				353A981A21CBA7E9004BB89F /* App */,
				353E3D9621CAB3B0009EFCDE /* Modules */,
				353E3D9521CAB3A9009EFCDE /* General */,
			);
			path = Classes;
			sourceTree = "<group>";
		};
		353E3D9521CAB3A9009EFCDE /* General */ = {
			isa = PBXGroup;
			children = (
				353A982421CBFA42004BB89F /* Services */,
				353A982321CBFA33004BB89F /* Stores */,
			);
			path = General;
			sourceTree = "<group>";
		};
		353E3D9621CAB3B0009EFCDE /* Modules */ = {
			isa = PBXGroup;
			children = (
				353E3D9721CAB3B5009EFCDE /* Login */,
			);
			path = Modules;
			sourceTree = "<group>";
		};
		353E3D9721CAB3B5009EFCDE /* Login */ = {
			isa = PBXGroup;
			children = (
				353E3D9821CAB3C0009EFCDE /* ViewController */,
			);
			path = Login;
			sourceTree = "<group>";
		};
		353E3D9821CAB3C0009EFCDE /* ViewController */ = {
			isa = PBXGroup;
			children = (
				353E3D9221CAB37F009EFCDE /* LoginViewController.swift */,
			);
			path = ViewController;
			sourceTree = "<group>";
		};
		7DA228E50ED082313DFCD390 /* Frameworks */ = {
			isa = PBXGroup;
			children = (
				E691CB10E2395C39433C7762 /* Pods_wola.framework */,
				352361F76A732D990B83DA92 /* Pods_wolaTests.framework */,
				E49917D17678FE2BBEF7EE53 /* Pods_wolaUITests.framework */,
			);
			name = Frameworks;
			sourceTree = "<group>";
		};
/* End PBXGroup section */

/* Begin PBXNativeTarget section */
		353E3D5921CAA308009EFCDE /* wola */ = {
			isa = PBXNativeTarget;
			buildConfigurationList = 353E3D8521CAA30A009EFCDE /* Build configuration list for PBXNativeTarget "wola" */;
			buildPhases = (
				7E399CCE4CF83BC741E2847E /* [CP] Check Pods Manifest.lock */,
				353E3D5621CAA308009EFCDE /* Sources */,
				353E3D5721CAA308009EFCDE /* Frameworks */,
				353E3D5821CAA308009EFCDE /* Resources */,
				E124723714D4A66A43A9F41B /* [CP] Embed Pods Frameworks */,
				807F7B1B36558E4544B9FEF5 /* [CP] Copy Pods Resources */,
			);
			buildRules = (
			);
			dependencies = (
			);
			name = wola;
			productName = wola;
			productReference = 353E3D5A21CAA308009EFCDE /* wola.app */;
			productType = "com.apple.product-type.application";
		};
		353E3D7021CAA30A009EFCDE /* wolaTests */ = {
			isa = PBXNativeTarget;
			buildConfigurationList = 353E3D8821CAA30A009EFCDE /* Build configuration list for PBXNativeTarget "wolaTests" */;
			buildPhases = (
				4858D7DE94BC9912FA4C5F9B /* [CP] Check Pods Manifest.lock */,
				353E3D6D21CAA30A009EFCDE /* Sources */,
				353E3D6E21CAA30A009EFCDE /* Frameworks */,
				353E3D6F21CAA30A009EFCDE /* Resources */,
			);
			buildRules = (
			);
			dependencies = (
				353E3D7321CAA30A009EFCDE /* PBXTargetDependency */,
			);
			name = wolaTests;
			productName = wolaTests;
			productReference = 353E3D7121CAA30A009EFCDE /* wolaTests.xctest */;
			productType = "com.apple.product-type.bundle.unit-test";
		};
		353E3D7B21CAA30A009EFCDE /* wolaUITests */ = {
			isa = PBXNativeTarget;
			buildConfigurationList = 353E3D8B21CAA30A009EFCDE /* Build configuration list for PBXNativeTarget "wolaUITests" */;
			buildPhases = (
				F86D527AC9107DB57433D2CF /* [CP] Check Pods Manifest.lock */,
				353E3D7821CAA30A009EFCDE /* Sources */,
				353E3D7921CAA30A009EFCDE /* Frameworks */,
				353E3D7A21CAA30A009EFCDE /* Resources */,
			);
			buildRules = (
			);
			dependencies = (
				353E3D7E21CAA30A009EFCDE /* PBXTargetDependency */,
			);
			name = wolaUITests;
			productName = wolaUITests;
			productReference = 353E3D7C21CAA30A009EFCDE /* wolaUITests.xctest */;
			productType = "com.apple.product-type.bundle.ui-testing";
		};
/* End PBXNativeTarget section */

/* Begin PBXProject section */
		353E3D5221CAA308009EFCDE /* Project object */ = {
			isa = PBXProject;
			attributes = {
				LastSwiftUpdateCheck = 1010;
				LastUpgradeCheck = 1010;
				ORGANIZATIONNAME = JR;
				TargetAttributes = {
					353E3D5921CAA308009EFCDE = {
						CreatedOnToolsVersion = 10.1;
					};
					353E3D7021CAA30A009EFCDE = {
						CreatedOnToolsVersion = 10.1;
						TestTargetID = 353E3D5921CAA308009EFCDE;
					};
					353E3D7B21CAA30A009EFCDE = {
						CreatedOnToolsVersion = 10.1;
						TestTargetID = 353E3D5921CAA308009EFCDE;
					};
				};
			};
			buildConfigurationList = 353E3D5521CAA308009EFCDE /* Build configuration list for PBXProject "wola" */;
			compatibilityVersion = "Xcode 9.3";
			developmentRegion = en;
			hasScannedForEncodings = 0;
			knownRegions = (
				en,
				Base,
			);
			mainGroup = 353E3D5121CAA308009EFCDE;
			productRefGroup = 353E3D5B21CAA308009EFCDE /* Products */;
			projectDirPath = "";
			projectRoot = "";
			targets = (
				353E3D5921CAA308009EFCDE /* wola */,
				353E3D7021CAA30A009EFCDE /* wolaTests */,
				353E3D7B21CAA30A009EFCDE /* wolaUITests */,
			);
		};
/* End PBXProject section */

/* Begin PBXResourcesBuildPhase section */
		353E3D5821CAA308009EFCDE /* Resources */ = {
			isa = PBXResourcesBuildPhase;
			buildActionMask = 2147483647;
			files = (
				353E3D6B21CAA30A009EFCDE /* LaunchScreen.storyboard in Resources */,
				353E3D9121CAB22C009EFCDE /* GoogleService-Info.plist in Resources */,
				353E3D6821CAA30A009EFCDE /* Assets.xcassets in Resources */,
				353E3D6321CAA308009EFCDE /* Main.storyboard in Resources */,
			);
			runOnlyForDeploymentPostprocessing = 0;
		};
		353E3D6F21CAA30A009EFCDE /* Resources */ = {
			isa = PBXResourcesBuildPhase;
			buildActionMask = 2147483647;
			files = (
			);
			runOnlyForDeploymentPostprocessing = 0;
		};
		353E3D7A21CAA30A009EFCDE /* Resources */ = {
			isa = PBXResourcesBuildPhase;
			buildActionMask = 2147483647;
			files = (
			);
			runOnlyForDeploymentPostprocessing = 0;
		};
/* End PBXResourcesBuildPhase section */

/* Begin PBXShellScriptBuildPhase section */
		4858D7DE94BC9912FA4C5F9B /* [CP] Check Pods Manifest.lock */ = {
			isa = PBXShellScriptBuildPhase;
			buildActionMask = 2147483647;
			files = (
			);
			inputFileListPaths = (
			);
			inputPaths = (
				"${PODS_PODFILE_DIR_PATH}/Podfile.lock",
				"${PODS_ROOT}/Manifest.lock",
			);
			name = "[CP] Check Pods Manifest.lock";
			outputFileListPaths = (
			);
			outputPaths = (
				"$(DERIVED_FILE_DIR)/Pods-wolaTests-checkManifestLockResult.txt",
			);
			runOnlyForDeploymentPostprocessing = 0;
			shellPath = /bin/sh;
			shellScript = "diff \"${PODS_PODFILE_DIR_PATH}/Podfile.lock\" \"${PODS_ROOT}/Manifest.lock\" > /dev/null\nif [ $? != 0 ] ; then\n    # print error to STDERR\n    echo \"error: The sandbox is not in sync with the Podfile.lock. Run 'pod install' or update your CocoaPods installation.\" >&2\n    exit 1\nfi\n# This output is used by Xcode 'outputs' to avoid re-running this script phase.\necho \"SUCCESS\" > \"${SCRIPT_OUTPUT_FILE_0}\"\n";
			showEnvVarsInLog = 0;
		};
		7E399CCE4CF83BC741E2847E /* [CP] Check Pods Manifest.lock */ = {
			isa = PBXShellScriptBuildPhase;
			buildActionMask = 2147483647;
			files = (
			);
			inputFileListPaths = (
			);
			inputPaths = (
				"${PODS_PODFILE_DIR_PATH}/Podfile.lock",
				"${PODS_ROOT}/Manifest.lock",
			);
			name = "[CP] Check Pods Manifest.lock";
			outputFileListPaths = (
			);
			outputPaths = (
				"$(DERIVED_FILE_DIR)/Pods-wola-checkManifestLockResult.txt",
			);
			runOnlyForDeploymentPostprocessing = 0;
			shellPath = /bin/sh;
			shellScript = "diff \"${PODS_PODFILE_DIR_PATH}/Podfile.lock\" \"${PODS_ROOT}/Manifest.lock\" > /dev/null\nif [ $? != 0 ] ; then\n    # print error to STDERR\n    echo \"error: The sandbox is not in sync with the Podfile.lock. Run 'pod install' or update your CocoaPods installation.\" >&2\n    exit 1\nfi\n# This output is used by Xcode 'outputs' to avoid re-running this script phase.\necho \"SUCCESS\" > \"${SCRIPT_OUTPUT_FILE_0}\"\n";
			showEnvVarsInLog = 0;
		};
		807F7B1B36558E4544B9FEF5 /* [CP] Copy Pods Resources */ = {
			isa = PBXShellScriptBuildPhase;
			buildActionMask = 2147483647;
			files = (
			);
			inputFileListPaths = (
			);
			inputPaths = (
				"${PODS_ROOT}/Target Support Files/Pods-wola/Pods-wola-resources.sh",
				"${PODS_ROOT}/GoogleSignIn/Resources/GoogleSignIn.bundle",
			);
			name = "[CP] Copy Pods Resources";
			outputFileListPaths = (
			);
			outputPaths = (
				"${TARGET_BUILD_DIR}/${UNLOCALIZED_RESOURCES_FOLDER_PATH}/GoogleSignIn.bundle",
			);
			runOnlyForDeploymentPostprocessing = 0;
			shellPath = /bin/sh;
			shellScript = "\"${PODS_ROOT}/Target Support Files/Pods-wola/Pods-wola-resources.sh\"\n";
			showEnvVarsInLog = 0;
		};
		E124723714D4A66A43A9F41B /* [CP] Embed Pods Frameworks */ = {
			isa = PBXShellScriptBuildPhase;
			buildActionMask = 2147483647;
			files = (
			);
			inputFileListPaths = (
			);
			inputPaths = (
				"${PODS_ROOT}/Target Support Files/Pods-wola/Pods-wola-frameworks.sh",
				"${BUILT_PRODUCTS_DIR}/Alamofire/Alamofire.framework",
				"${BUILT_PRODUCTS_DIR}/GTMOAuth2/GTMOAuth2.framework",
				"${BUILT_PRODUCTS_DIR}/GTMSessionFetcher/GTMSessionFetcher.framework",
				"${BUILT_PRODUCTS_DIR}/GoogleToolboxForMac/GoogleToolboxForMac.framework",
			);
			name = "[CP] Embed Pods Frameworks";
			outputFileListPaths = (
			);
			outputPaths = (
				"${TARGET_BUILD_DIR}/${FRAMEWORKS_FOLDER_PATH}/Alamofire.framework",
				"${TARGET_BUILD_DIR}/${FRAMEWORKS_FOLDER_PATH}/GTMOAuth2.framework",
				"${TARGET_BUILD_DIR}/${FRAMEWORKS_FOLDER_PATH}/GTMSessionFetcher.framework",
				"${TARGET_BUILD_DIR}/${FRAMEWORKS_FOLDER_PATH}/GoogleToolboxForMac.framework",
			);
			runOnlyForDeploymentPostprocessing = 0;
			shellPath = /bin/sh;
			shellScript = "\"${PODS_ROOT}/Target Support Files/Pods-wola/Pods-wola-frameworks.sh\"\n";
			showEnvVarsInLog = 0;
		};
		F86D527AC9107DB57433D2CF /* [CP] Check Pods Manifest.lock */ = {
			isa = PBXShellScriptBuildPhase;
			buildActionMask = 2147483647;
			files = (
			);
			inputFileListPaths = (
			);
			inputPaths = (
				"${PODS_PODFILE_DIR_PATH}/Podfile.lock",
				"${PODS_ROOT}/Manifest.lock",
			);
			name = "[CP] Check Pods Manifest.lock";
			outputFileListPaths = (
			);
			outputPaths = (
				"$(DERIVED_FILE_DIR)/Pods-wolaUITests-checkManifestLockResult.txt",
			);
			runOnlyForDeploymentPostprocessing = 0;
			shellPath = /bin/sh;
			shellScript = "diff \"${PODS_PODFILE_DIR_PATH}/Podfile.lock\" \"${PODS_ROOT}/Manifest.lock\" > /dev/null\nif [ $? != 0 ] ; then\n    # print error to STDERR\n    echo \"error: The sandbox is not in sync with the Podfile.lock. Run 'pod install' or update your CocoaPods installation.\" >&2\n    exit 1\nfi\n# This output is used by Xcode 'outputs' to avoid re-running this script phase.\necho \"SUCCESS\" > \"${SCRIPT_OUTPUT_FILE_0}\"\n";
			showEnvVarsInLog = 0;
		};
/* End PBXShellScriptBuildPhase section */

/* Begin PBXSourcesBuildPhase section */
		353E3D5621CAA308009EFCDE /* Sources */ = {
			isa = PBXSourcesBuildPhase;
			buildActionMask = 2147483647;
			files = (
				353E3D9321CAB37F009EFCDE /* LoginViewController.swift in Sources */,
				353A981E21CBA8C4004BB89F /* AppInteractor.swift in Sources */,
				353E3D6621CAA308009EFCDE /* wola.xcdatamodeld in Sources */,
				353E3D6021CAA308009EFCDE /* ViewController.swift in Sources */,
				353E3D5E21CAA308009EFCDE /* AppDelegate.swift in Sources */,
				353A982021CBA8E8004BB89F /* AppDataManager.swift in Sources */,
				353FDD2F2202FBDE00A1FC3A /* LoginService.swift in Sources */,
			);
			runOnlyForDeploymentPostprocessing = 0;
		};
		353E3D6D21CAA30A009EFCDE /* Sources */ = {
			isa = PBXSourcesBuildPhase;
			buildActionMask = 2147483647;
			files = (
				353E3D7621CAA30A009EFCDE /* wolaTests.swift in Sources */,
			);
			runOnlyForDeploymentPostprocessing = 0;
		};
		353E3D7821CAA30A009EFCDE /* Sources */ = {
			isa = PBXSourcesBuildPhase;
			buildActionMask = 2147483647;
			files = (
				353E3D8121CAA30A009EFCDE /* wolaUITests.swift in Sources */,
			);
			runOnlyForDeploymentPostprocessing = 0;
		};
/* End PBXSourcesBuildPhase section */

/* Begin PBXTargetDependency section */
		353E3D7321CAA30A009EFCDE /* PBXTargetDependency */ = {
			isa = PBXTargetDependency;
			target = 353E3D5921CAA308009EFCDE /* wola */;
			targetProxy = 353E3D7221CAA30A009EFCDE /* PBXContainerItemProxy */;
		};
		353E3D7E21CAA30A009EFCDE /* PBXTargetDependency */ = {
			isa = PBXTargetDependency;
			target = 353E3D5921CAA308009EFCDE /* wola */;
			targetProxy = 353E3D7D21CAA30A009EFCDE /* PBXContainerItemProxy */;
		};
/* End PBXTargetDependency section */

/* Begin PBXVariantGroup section */
		353E3D6121CAA308009EFCDE /* Main.storyboard */ = {
			isa = PBXVariantGroup;
			children = (
				353E3D6221CAA308009EFCDE /* Base */,
			);
			name = Main.storyboard;
			sourceTree = "<group>";
		};
		353E3D6921CAA30A009EFCDE /* LaunchScreen.storyboard */ = {
			isa = PBXVariantGroup;
			children = (
				353E3D6A21CAA30A009EFCDE /* Base */,
			);
			name = LaunchScreen.storyboard;
			sourceTree = "<group>";
		};
/* End PBXVariantGroup section */

/* Begin XCBuildConfiguration section */
		353E3D8321CAA30A009EFCDE /* Debug */ = {
			isa = XCBuildConfiguration;
			buildSettings = {
				ALWAYS_SEARCH_USER_PATHS = NO;
				CLANG_ANALYZER_NONNULL = YES;
				CLANG_ANALYZER_NUMBER_OBJECT_CONVERSION = YES_AGGRESSIVE;
				CLANG_CXX_LANGUAGE_STANDARD = "gnu++14";
				CLANG_CXX_LIBRARY = "libc++";
				CLANG_ENABLE_MODULES = YES;
				CLANG_ENABLE_OBJC_ARC = YES;
				CLANG_ENABLE_OBJC_WEAK = YES;
				CLANG_WARN_BLOCK_CAPTURE_AUTORELEASING = YES;
				CLANG_WARN_BOOL_CONVERSION = YES;
				CLANG_WARN_COMMA = YES;
				CLANG_WARN_CONSTANT_CONVERSION = YES;
				CLANG_WARN_DEPRECATED_OBJC_IMPLEMENTATIONS = YES;
				CLANG_WARN_DIRECT_OBJC_ISA_USAGE = YES_ERROR;
				CLANG_WARN_DOCUMENTATION_COMMENTS = YES;
				CLANG_WARN_EMPTY_BODY = YES;
				CLANG_WARN_ENUM_CONVERSION = YES;
				CLANG_WARN_INFINITE_RECURSION = YES;
				CLANG_WARN_INT_CONVERSION = YES;
				CLANG_WARN_NON_LITERAL_NULL_CONVERSION = YES;
				CLANG_WARN_OBJC_IMPLICIT_RETAIN_SELF = YES;
				CLANG_WARN_OBJC_LITERAL_CONVERSION = YES;
				CLANG_WARN_OBJC_ROOT_CLASS = YES_ERROR;
				CLANG_WARN_RANGE_LOOP_ANALYSIS = YES;
				CLANG_WARN_STRICT_PROTOTYPES = YES;
				CLANG_WARN_SUSPICIOUS_MOVE = YES;
				CLANG_WARN_UNGUARDED_AVAILABILITY = YES_AGGRESSIVE;
				CLANG_WARN_UNREACHABLE_CODE = YES;
				CLANG_WARN__DUPLICATE_METHOD_MATCH = YES;
				CODE_SIGN_IDENTITY = "iPhone Developer";
				COPY_PHASE_STRIP = NO;
				DEBUG_INFORMATION_FORMAT = dwarf;
				ENABLE_STRICT_OBJC_MSGSEND = YES;
				ENABLE_TESTABILITY = YES;
				GCC_C_LANGUAGE_STANDARD = gnu11;
				GCC_DYNAMIC_NO_PIC = NO;
				GCC_NO_COMMON_BLOCKS = YES;
				GCC_OPTIMIZATION_LEVEL = 0;
				GCC_PREPROCESSOR_DEFINITIONS = (
					"DEBUG=1",
					"$(inherited)",
				);
				GCC_WARN_64_TO_32_BIT_CONVERSION = YES;
				GCC_WARN_ABOUT_RETURN_TYPE = YES_ERROR;
				GCC_WARN_UNDECLARED_SELECTOR = YES;
				GCC_WARN_UNINITIALIZED_AUTOS = YES_AGGRESSIVE;
				GCC_WARN_UNUSED_FUNCTION = YES;
				GCC_WARN_UNUSED_VARIABLE = YES;
				IPHONEOS_DEPLOYMENT_TARGET = 12.1;
				MTL_ENABLE_DEBUG_INFO = INCLUDE_SOURCE;
				MTL_FAST_MATH = YES;
				ONLY_ACTIVE_ARCH = YES;
				SDKROOT = iphoneos;
				SWIFT_ACTIVE_COMPILATION_CONDITIONS = DEBUG;
				SWIFT_OPTIMIZATION_LEVEL = "-Onone";
			};
			name = Debug;
		};
		353E3D8421CAA30A009EFCDE /* Release */ = {
			isa = XCBuildConfiguration;
			buildSettings = {
				ALWAYS_SEARCH_USER_PATHS = NO;
				CLANG_ANALYZER_NONNULL = YES;
				CLANG_ANALYZER_NUMBER_OBJECT_CONVERSION = YES_AGGRESSIVE;
				CLANG_CXX_LANGUAGE_STANDARD = "gnu++14";
				CLANG_CXX_LIBRARY = "libc++";
				CLANG_ENABLE_MODULES = YES;
				CLANG_ENABLE_OBJC_ARC = YES;
				CLANG_ENABLE_OBJC_WEAK = YES;
				CLANG_WARN_BLOCK_CAPTURE_AUTORELEASING = YES;
				CLANG_WARN_BOOL_CONVERSION = YES;
				CLANG_WARN_COMMA = YES;
				CLANG_WARN_CONSTANT_CONVERSION = YES;
				CLANG_WARN_DEPRECATED_OBJC_IMPLEMENTATIONS = YES;
				CLANG_WARN_DIRECT_OBJC_ISA_USAGE = YES_ERROR;
				CLANG_WARN_DOCUMENTATION_COMMENTS = YES;
				CLANG_WARN_EMPTY_BODY = YES;
				CLANG_WARN_ENUM_CONVERSION = YES;
				CLANG_WARN_INFINITE_RECURSION = YES;
				CLANG_WARN_INT_CONVERSION = YES;
				CLANG_WARN_NON_LITERAL_NULL_CONVERSION = YES;
				CLANG_WARN_OBJC_IMPLICIT_RETAIN_SELF = YES;
				CLANG_WARN_OBJC_LITERAL_CONVERSION = YES;
				CLANG_WARN_OBJC_ROOT_CLASS = YES_ERROR;
				CLANG_WARN_RANGE_LOOP_ANALYSIS = YES;
				CLANG_WARN_STRICT_PROTOTYPES = YES;
				CLANG_WARN_SUSPICIOUS_MOVE = YES;
				CLANG_WARN_UNGUARDED_AVAILABILITY = YES_AGGRESSIVE;
				CLANG_WARN_UNREACHABLE_CODE = YES;
				CLANG_WARN__DUPLICATE_METHOD_MATCH = YES;
				CODE_SIGN_IDENTITY = "iPhone Developer";
				COPY_PHASE_STRIP = NO;
				DEBUG_INFORMATION_FORMAT = "dwarf-with-dsym";
				ENABLE_NS_ASSERTIONS = NO;
				ENABLE_STRICT_OBJC_MSGSEND = YES;
				GCC_C_LANGUAGE_STANDARD = gnu11;
				GCC_NO_COMMON_BLOCKS = YES;
				GCC_WARN_64_TO_32_BIT_CONVERSION = YES;
				GCC_WARN_ABOUT_RETURN_TYPE = YES_ERROR;
				GCC_WARN_UNDECLARED_SELECTOR = YES;
				GCC_WARN_UNINITIALIZED_AUTOS = YES_AGGRESSIVE;
				GCC_WARN_UNUSED_FUNCTION = YES;
				GCC_WARN_UNUSED_VARIABLE = YES;
				IPHONEOS_DEPLOYMENT_TARGET = 12.1;
				MTL_ENABLE_DEBUG_INFO = NO;
				MTL_FAST_MATH = YES;
				SDKROOT = iphoneos;
				SWIFT_COMPILATION_MODE = wholemodule;
				SWIFT_OPTIMIZATION_LEVEL = "-O";
				VALIDATE_PRODUCT = YES;
			};
			name = Release;
		};
		353E3D8621CAA30A009EFCDE /* Debug */ = {
			isa = XCBuildConfiguration;
			baseConfigurationReference = 357947607B44584C124E0CC9 /* Pods-wola.debug.xcconfig */;
			buildSettings = {
				ASSETCATALOG_COMPILER_APPICON_NAME = AppIcon;
				CODE_SIGN_STYLE = Automatic;
				DEVELOPMENT_TEAM = WBTZZ2PG5U;
				INFOPLIST_FILE = wola/Info.plist;
				LD_RUNPATH_SEARCH_PATHS = (
					"$(inherited)",
					"@executable_path/Frameworks",
				);
				PRODUCT_BUNDLE_IDENTIFIER = com.wola.wola;
				PRODUCT_NAME = "$(TARGET_NAME)";
				SWIFT_VERSION = 4.2;
				TARGETED_DEVICE_FAMILY = "1,2";
			};
			name = Debug;
		};
		353E3D8721CAA30A009EFCDE /* Release */ = {
			isa = XCBuildConfiguration;
			baseConfigurationReference = 2B34EE0A741F61BAD953E8B0 /* Pods-wola.release.xcconfig */;
			buildSettings = {
				ASSETCATALOG_COMPILER_APPICON_NAME = AppIcon;
				CODE_SIGN_STYLE = Automatic;
				DEVELOPMENT_TEAM = WBTZZ2PG5U;
				INFOPLIST_FILE = wola/Info.plist;
				LD_RUNPATH_SEARCH_PATHS = (
					"$(inherited)",
					"@executable_path/Frameworks",
				);
				PRODUCT_BUNDLE_IDENTIFIER = com.wola.wola;
				PRODUCT_NAME = "$(TARGET_NAME)";
				SWIFT_VERSION = 4.2;
				TARGETED_DEVICE_FAMILY = "1,2";
			};
			name = Release;
		};
		353E3D8921CAA30A009EFCDE /* Debug */ = {
			isa = XCBuildConfiguration;
			baseConfigurationReference = 2C51C20BAC62B3A79234608F /* Pods-wolaTests.debug.xcconfig */;
			buildSettings = {
				ALWAYS_EMBED_SWIFT_STANDARD_LIBRARIES = YES;
				BUNDLE_LOADER = "$(TEST_HOST)";
				CODE_SIGN_STYLE = Automatic;
				DEVELOPMENT_TEAM = WBTZZ2PG5U;
				INFOPLIST_FILE = wolaTests/Info.plist;
				LD_RUNPATH_SEARCH_PATHS = (
					"$(inherited)",
					"@executable_path/Frameworks",
					"@loader_path/Frameworks",
				);
				PRODUCT_BUNDLE_IDENTIFIER = com.wola.wolaTests;
				PRODUCT_NAME = "$(TARGET_NAME)";
				SWIFT_VERSION = 4.2;
				TARGETED_DEVICE_FAMILY = "1,2";
				TEST_HOST = "$(BUILT_PRODUCTS_DIR)/wola.app/wola";
			};
			name = Debug;
		};
		353E3D8A21CAA30A009EFCDE /* Release */ = {
			isa = XCBuildConfiguration;
			baseConfigurationReference = C7AF459017535AF038FEC1EC /* Pods-wolaTests.release.xcconfig */;
			buildSettings = {
				ALWAYS_EMBED_SWIFT_STANDARD_LIBRARIES = YES;
				BUNDLE_LOADER = "$(TEST_HOST)";
				CODE_SIGN_STYLE = Automatic;
				DEVELOPMENT_TEAM = WBTZZ2PG5U;
				INFOPLIST_FILE = wolaTests/Info.plist;
				LD_RUNPATH_SEARCH_PATHS = (
					"$(inherited)",
					"@executable_path/Frameworks",
					"@loader_path/Frameworks",
				);
				PRODUCT_BUNDLE_IDENTIFIER = com.wola.wolaTests;
				PRODUCT_NAME = "$(TARGET_NAME)";
				SWIFT_VERSION = 4.2;
				TARGETED_DEVICE_FAMILY = "1,2";
				TEST_HOST = "$(BUILT_PRODUCTS_DIR)/wola.app/wola";
			};
			name = Release;
		};
		353E3D8C21CAA30A009EFCDE /* Debug */ = {
			isa = XCBuildConfiguration;
			baseConfigurationReference = 024547E0F18E810A627785D9 /* Pods-wolaUITests.debug.xcconfig */;
			buildSettings = {
				ALWAYS_EMBED_SWIFT_STANDARD_LIBRARIES = YES;
				CODE_SIGN_STYLE = Automatic;
				DEVELOPMENT_TEAM = WBTZZ2PG5U;
				INFOPLIST_FILE = wolaUITests/Info.plist;
				LD_RUNPATH_SEARCH_PATHS = (
					"$(inherited)",
					"@executable_path/Frameworks",
					"@loader_path/Frameworks",
				);
				PRODUCT_BUNDLE_IDENTIFIER = com.wola.wolaUITests;
				PRODUCT_NAME = "$(TARGET_NAME)";
				SWIFT_VERSION = 4.2;
				TARGETED_DEVICE_FAMILY = "1,2";
				TEST_TARGET_NAME = wola;
			};
			name = Debug;
		};
		353E3D8D21CAA30A009EFCDE /* Release */ = {
			isa = XCBuildConfiguration;
			baseConfigurationReference = 6D2C4E2434153DD4658E9747 /* Pods-wolaUITests.release.xcconfig */;
			buildSettings = {
				ALWAYS_EMBED_SWIFT_STANDARD_LIBRARIES = YES;
				CODE_SIGN_STYLE = Automatic;
				DEVELOPMENT_TEAM = WBTZZ2PG5U;
				INFOPLIST_FILE = wolaUITests/Info.plist;
				LD_RUNPATH_SEARCH_PATHS = (
					"$(inherited)",
					"@executable_path/Frameworks",
					"@loader_path/Frameworks",
				);
				PRODUCT_BUNDLE_IDENTIFIER = com.wola.wolaUITests;
				PRODUCT_NAME = "$(TARGET_NAME)";
				SWIFT_VERSION = 4.2;
				TARGETED_DEVICE_FAMILY = "1,2";
				TEST_TARGET_NAME = wola;
			};
			name = Release;
		};
/* End XCBuildConfiguration section */

/* Begin XCConfigurationList section */
		353E3D5521CAA308009EFCDE /* Build configuration list for PBXProject "wola" */ = {
			isa = XCConfigurationList;
			buildConfigurations = (
				353E3D8321CAA30A009EFCDE /* Debug */,
				353E3D8421CAA30A009EFCDE /* Release */,
			);
			defaultConfigurationIsVisible = 0;
			defaultConfigurationName = Release;
		};
		353E3D8521CAA30A009EFCDE /* Build configuration list for PBXNativeTarget "wola" */ = {
			isa = XCConfigurationList;
			buildConfigurations = (
				353E3D8621CAA30A009EFCDE /* Debug */,
				353E3D8721CAA30A009EFCDE /* Release */,
			);
			defaultConfigurationIsVisible = 0;
			defaultConfigurationName = Release;
		};
		353E3D8821CAA30A009EFCDE /* Build configuration list for PBXNativeTarget "wolaTests" */ = {
			isa = XCConfigurationList;
			buildConfigurations = (
				353E3D8921CAA30A009EFCDE /* Debug */,
				353E3D8A21CAA30A009EFCDE /* Release */,
			);
			defaultConfigurationIsVisible = 0;
			defaultConfigurationName = Release;
		};
		353E3D8B21CAA30A009EFCDE /* Build configuration list for PBXNativeTarget "wolaUITests" */ = {
			isa = XCConfigurationList;
			buildConfigurations = (
				353E3D8C21CAA30A009EFCDE /* Debug */,
				353E3D8D21CAA30A009EFCDE /* Release */,
			);
			defaultConfigurationIsVisible = 0;
			defaultConfigurationName = Release;
		};
/* End XCConfigurationList section */

/* Begin XCVersionGroup section */
		353E3D6421CAA308009EFCDE /* wola.xcdatamodeld */ = {
			isa = XCVersionGroup;
			children = (
				353E3D6521CAA308009EFCDE /* wola.xcdatamodel */,
			);
			currentVersion = 353E3D6521CAA308009EFCDE /* wola.xcdatamodel */;
			path = wola.xcdatamodeld;
			sourceTree = "<group>";
			versionGroupType = wrapper.xcdatamodel;
		};
/* End XCVersionGroup section */
	};
	rootObject = 353E3D5221CAA308009EFCDE /* Project object */;
}
